{
    "version": 3,
    "terraform_version": "0.11.7",
    "serial": 10,
    "lineage": "3424b31d-684c-4965-476c-e1374cc2bb54",
    "modules": [
        {
            "path": [
                "root"
            ],
            "outputs": {
                "MGT-IP-FW-1": {
                    "sensitive": false,
                    "type": "string",
                    "value": "13.251.218.3"
                },
                "MGT-IP-FW-2": {
                    "sensitive": false,
                    "type": "string",
                    "value": "13.228.162.98"
                },
                "MGT-IP-FW1-IF": {
                    "sensitive": false,
                    "type": "string",
                    "value": "10.0.1.10"
                },
                "MGT-IP-FW2-IF": {
                    "sensitive": false,
                    "type": "string",
                    "value": "10.0.11.10"
                }
            },
            "resources": {
                "aws_eip.FW1-MGT": {
                    "type": "aws_eip",
                    "depends_on": [
                        "aws_internet_gateway.gw",
                        "aws_vpc.main"
                    ],
                    "primary": {
                        "id": "eipalloc-61332f5b",
                        "attributes": {
                            "association_id": "",
                            "domain": "vpc",
                            "id": "eipalloc-61332f5b",
                            "instance": "",
                            "network_interface": "",
                            "private_ip": "",
                            "public_ip": "13.251.218.3",
                            "tags.%": "0",
                            "vpc": "true"
                        },
                        "meta": {
                            "e2bfb730-ecaa-11e6-8f88-34363bc7c4c0": {
                                "delete": 180000000000,
                                "read": 900000000000,
                                "update": 300000000000
                            }
                        },
                        "tainted": false
                    },
                    "deposed": [],
                    "provider": "provider.aws"
                },
                "aws_eip.FW1-PUB": {
                    "type": "aws_eip",
                    "depends_on": [
                        "aws_internet_gateway.gw",
                        "aws_vpc.main"
                    ],
                    "primary": {
                        "id": "eipalloc-f02c30ca",
                        "attributes": {
                            "association_id": "",
                            "domain": "vpc",
                            "id": "eipalloc-f02c30ca",
                            "instance": "",
                            "network_interface": "",
                            "private_ip": "",
                            "public_ip": "18.136.73.139",
                            "tags.%": "0",
                            "vpc": "true"
                        },
                        "meta": {
                            "e2bfb730-ecaa-11e6-8f88-34363bc7c4c0": {
                                "delete": 180000000000,
                                "read": 900000000000,
                                "update": 300000000000
                            }
                        },
                        "tainted": false
                    },
                    "deposed": [],
                    "provider": "provider.aws"
                },
                "aws_eip.FW2-MGT": {
                    "type": "aws_eip",
                    "depends_on": [
                        "aws_internet_gateway.gw",
                        "aws_vpc.main"
                    ],
                    "primary": {
                        "id": "eipalloc-1a2d3120",
                        "attributes": {
                            "association_id": "",
                            "domain": "vpc",
                            "id": "eipalloc-1a2d3120",
                            "instance": "",
                            "network_interface": "",
                            "private_ip": "",
                            "public_ip": "13.228.162.98",
                            "tags.%": "0",
                            "vpc": "true"
                        },
                        "meta": {
                            "e2bfb730-ecaa-11e6-8f88-34363bc7c4c0": {
                                "delete": 180000000000,
                                "read": 900000000000,
                                "update": 300000000000
                            }
                        },
                        "tainted": false
                    },
                    "deposed": [],
                    "provider": "provider.aws"
                },
                "aws_eip.FW2-PUB": {
                    "type": "aws_eip",
                    "depends_on": [
                        "aws_internet_gateway.gw",
                        "aws_vpc.main"
                    ],
                    "primary": {
                        "id": "eipalloc-f32c30c9",
                        "attributes": {
                            "association_id": "",
                            "domain": "vpc",
                            "id": "eipalloc-f32c30c9",
                            "instance": "",
                            "network_interface": "",
                            "private_ip": "",
                            "public_ip": "52.76.217.33",
                            "tags.%": "0",
                            "vpc": "true"
                        },
                        "meta": {
                            "e2bfb730-ecaa-11e6-8f88-34363bc7c4c0": {
                                "delete": 180000000000,
                                "read": 900000000000,
                                "update": 300000000000
                            }
                        },
                        "tainted": false
                    },
                    "deposed": [],
                    "provider": "provider.aws"
                },
                "aws_eip_association.FW1-TRUST-Association": {
                    "type": "aws_eip_association",
                    "depends_on": [
                        "aws_eip.FW1-MGT",
                        "aws_network_interface.FW1-MGT"
                    ],
                    "primary": {
                        "id": "eipassoc-c464e038",
                        "attributes": {
                            "allocation_id": "eipalloc-61332f5b",
                            "id": "eipassoc-c464e038",
                            "instance_id": "",
                            "network_interface_id": "eni-18ca7c43",
                            "private_ip_address": "10.0.0.10",
                            "public_ip": "13.251.218.3"
                        },
                        "meta": {},
                        "tainted": false
                    },
                    "deposed": [],
                    "provider": "provider.aws"
                },
                "aws_eip_association.FW1-UNTRUST-Association": {
                    "type": "aws_eip_association",
                    "depends_on": [
                        "aws_eip.FW1-PUB",
                        "aws_network_interface.FW1-UNTRUST"
                    ],
                    "primary": {
                        "id": "eipassoc-815bdf7d",
                        "attributes": {
                            "allocation_id": "eipalloc-f02c30ca",
                            "id": "eipassoc-815bdf7d",
                            "instance_id": "",
                            "network_interface_id": "eni-8fcd7bd4",
                            "private_ip_address": "10.0.1.10",
                            "public_ip": "18.136.73.139"
                        },
                        "meta": {},
                        "tainted": false
                    },
                    "deposed": [],
                    "provider": "provider.aws"
                },
                "aws_eip_association.FW2-TRUST-Association": {
                    "type": "aws_eip_association",
                    "depends_on": [
                        "aws_eip.FW2-MGT",
                        "aws_network_interface.FW2-MGT"
                    ],
                    "primary": {
                        "id": "eipassoc-2e1bbee3",
                        "attributes": {
                            "allocation_id": "eipalloc-1a2d3120",
                            "id": "eipassoc-2e1bbee3",
                            "instance_id": "",
                            "network_interface_id": "eni-f819f7d5",
                            "private_ip_address": "10.0.10.10",
                            "public_ip": "13.228.162.98"
                        },
                        "meta": {},
                        "tainted": false
                    },
                    "deposed": [],
                    "provider": "provider.aws"
                },
                "aws_eip_association.FW2-UNTRUST-Association": {
                    "type": "aws_eip_association",
                    "depends_on": [
                        "aws_eip.FW2-PUB",
                        "aws_network_interface.FW2-UNTRUST"
                    ],
                    "primary": {
                        "id": "eipassoc-0b18bdc6",
                        "attributes": {
                            "allocation_id": "eipalloc-f32c30c9",
                            "id": "eipassoc-0b18bdc6",
                            "instance_id": "i-03674e0018b452298",
                            "network_interface_id": "eni-d21bf5ff",
                            "private_ip_address": "10.0.11.10",
                            "public_ip": "52.76.217.33"
                        },
                        "meta": {},
                        "tainted": false
                    },
                    "deposed": [],
                    "provider": "provider.aws"
                },
                "aws_instance.PA-VM1": {
                    "type": "aws_instance",
                    "depends_on": [
                        "aws_network_interface.FW1-MGT",
                        "aws_network_interface.FW1-TRUST",
                        "aws_network_interface.FW1-UNTRUST"
                    ],
                    "primary": {
                        "id": "i-03c893d983ff5a8ef",
                        "attributes": {
                            "ami": "ami-17a41074",
                            "associate_public_ip_address": "true",
                            "availability_zone": "ap-southeast-1a",
                            "credit_specification.#": "1",
                            "credit_specification.0.cpu_credits": "standard",
                            "disable_api_termination": "false",
                            "ebs_block_device.#": "0",
                            "ebs_optimized": "true",
                            "ephemeral_block_device.#": "0",
                            "get_password_data": "false",
                            "iam_instance_profile": "",
                            "id": "i-03c893d983ff5a8ef",
                            "instance_initiated_shutdown_behavior": "stop",
                            "instance_state": "running",
                            "instance_type": "m4.xlarge",
                            "ipv6_addresses.#": "0",
                            "key_name": "tom-singapore",
                            "monitoring": "false",
                            "network_interface.#": "3",
                            "network_interface.1091236613.delete_on_termination": "false",
                            "network_interface.1091236613.device_index": "2",
                            "network_interface.1091236613.network_interface_id": "eni-efcb7db4",
                            "network_interface.1363734185.delete_on_termination": "false",
                            "network_interface.1363734185.device_index": "1",
                            "network_interface.1363734185.network_interface_id": "eni-8fcd7bd4",
                            "network_interface.3820692274.delete_on_termination": "false",
                            "network_interface.3820692274.device_index": "0",
                            "network_interface.3820692274.network_interface_id": "eni-18ca7c43",
                            "network_interface_id": "eni-18ca7c43",
                            "password_data": "",
                            "placement_group": "",
                            "primary_network_interface_id": "eni-18ca7c43",
                            "private_dns": "ip-10-0-0-10.ap-southeast-1.compute.internal",
                            "private_ip": "10.0.0.10",
                            "public_dns": "",
                            "public_ip": "13.251.218.3",
                            "root_block_device.#": "1",
                            "root_block_device.0.delete_on_termination": "true",
                            "root_block_device.0.iops": "180",
                            "root_block_device.0.volume_id": "vol-0cffdccbaf62183dc",
                            "root_block_device.0.volume_size": "60",
                            "root_block_device.0.volume_type": "gp2",
                            "security_groups.#": "0",
                            "source_dest_check": "false",
                            "subnet_id": "subnet-a40908c3",
                            "tags.%": "1",
                            "tags.Name": "PA-AZ1",
                            "tenancy": "dedicated",
                            "volume_tags.%": "0",
                            "vpc_security_group_ids.#": "1",
                            "vpc_security_group_ids.723240542": "sg-0912c471"
                        },
                        "meta": {
                            "e2bfb730-ecaa-11e6-8f88-34363bc7c4c0": {
                                "create": 600000000000,
                                "delete": 1200000000000,
                                "update": 600000000000
                            },
                            "schema_version": "1"
                        },
                        "tainted": false
                    },
                    "deposed": [],
                    "provider": "provider.aws"
                },
                "aws_instance.PA-VM2": {
                    "type": "aws_instance",
                    "depends_on": [
                        "aws_network_interface.FW2-MGT",
                        "aws_network_interface.FW2-TRUST",
                        "aws_network_interface.FW2-UNTRUST"
                    ],
                    "primary": {
                        "id": "i-03674e0018b452298",
                        "attributes": {
                            "ami": "ami-17a41074",
                            "associate_public_ip_address": "true",
                            "availability_zone": "ap-southeast-1b",
                            "credit_specification.#": "1",
                            "credit_specification.0.cpu_credits": "standard",
                            "disable_api_termination": "false",
                            "ebs_block_device.#": "0",
                            "ebs_optimized": "true",
                            "ephemeral_block_device.#": "0",
                            "get_password_data": "false",
                            "iam_instance_profile": "",
                            "id": "i-03674e0018b452298",
                            "instance_initiated_shutdown_behavior": "stop",
                            "instance_state": "running",
                            "instance_type": "m4.xlarge",
                            "ipv6_addresses.#": "0",
                            "key_name": "tom-singapore",
                            "monitoring": "false",
                            "network_interface.#": "3",
                            "network_interface.2935062700.delete_on_termination": "false",
                            "network_interface.2935062700.device_index": "1",
                            "network_interface.2935062700.network_interface_id": "eni-d21bf5ff",
                            "network_interface.3030774055.delete_on_termination": "false",
                            "network_interface.3030774055.device_index": "2",
                            "network_interface.3030774055.network_interface_id": "eni-8b1bf5a6",
                            "network_interface.3672476209.delete_on_termination": "false",
                            "network_interface.3672476209.device_index": "0",
                            "network_interface.3672476209.network_interface_id": "eni-f819f7d5",
                            "network_interface_id": "eni-f819f7d5",
                            "password_data": "",
                            "placement_group": "",
                            "primary_network_interface_id": "eni-f819f7d5",
                            "private_dns": "ip-10-0-10-10.ap-southeast-1.compute.internal",
                            "private_ip": "10.0.10.10",
                            "public_dns": "",
                            "public_ip": "13.228.162.98",
                            "root_block_device.#": "1",
                            "root_block_device.0.delete_on_termination": "true",
                            "root_block_device.0.iops": "180",
                            "root_block_device.0.volume_id": "vol-025deba6e2dc81d50",
                            "root_block_device.0.volume_size": "60",
                            "root_block_device.0.volume_type": "gp2",
                            "security_groups.#": "0",
                            "source_dest_check": "false",
                            "subnet_id": "subnet-19c9ff50",
                            "tags.%": "1",
                            "tags.Name": "PA-AZ2",
                            "tenancy": "dedicated",
                            "volume_tags.%": "0",
                            "vpc_security_group_ids.#": "1",
                            "vpc_security_group_ids.723240542": "sg-0912c471"
                        },
                        "meta": {
                            "e2bfb730-ecaa-11e6-8f88-34363bc7c4c0": {
                                "create": 600000000000,
                                "delete": 1200000000000,
                                "update": 600000000000
                            },
                            "schema_version": "1"
                        },
                        "tainted": false
                    },
                    "deposed": [],
                    "provider": "provider.aws"
                },
                "aws_instance.web1": {
                    "type": "aws_instance",
                    "depends_on": [
                        "aws_network_interface.web1-int"
                    ],
                    "primary": {
                        "id": "i-0f0d1a35ff38bc793",
                        "attributes": {
                            "ami": "ami-8fcc75ec",
                            "associate_public_ip_address": "false",
                            "availability_zone": "ap-southeast-1a",
                            "credit_specification.#": "1",
                            "credit_specification.0.cpu_credits": "standard",
                            "disable_api_termination": "false",
                            "ebs_block_device.#": "0",
                            "ebs_optimized": "false",
                            "ephemeral_block_device.#": "0",
                            "get_password_data": "false",
                            "iam_instance_profile": "",
                            "id": "i-0f0d1a35ff38bc793",
                            "instance_initiated_shutdown_behavior": "stop",
                            "instance_state": "running",
                            "instance_type": "m1.small",
                            "ipv6_addresses.#": "0",
                            "key_name": "tom-singapore",
                            "monitoring": "false",
                            "network_interface.#": "1",
                            "network_interface.25865116.delete_on_termination": "false",
                            "network_interface.25865116.device_index": "0",
                            "network_interface.25865116.network_interface_id": "eni-0bcb7d50",
                            "network_interface_id": "eni-0bcb7d50",
                            "password_data": "",
                            "placement_group": "",
                            "primary_network_interface_id": "eni-0bcb7d50",
                            "private_dns": "ip-10-0-2-50.ap-southeast-1.compute.internal",
                            "private_ip": "10.0.2.50",
                            "public_dns": "",
                            "public_ip": "",
                            "root_block_device.#": "1",
                            "root_block_device.0.delete_on_termination": "true",
                            "root_block_device.0.iops": "100",
                            "root_block_device.0.volume_id": "vol-08a641514757c543d",
                            "root_block_device.0.volume_size": "8",
                            "root_block_device.0.volume_type": "gp2",
                            "security_groups.#": "0",
                            "source_dest_check": "false",
                            "subnet_id": "subnet-f30d0c94",
                            "tags.%": "1",
                            "tags.Name": "WEB-AZ1",
                            "tenancy": "dedicated",
                            "user_data": "782ab22302f6504674615ac27b8df3385384c1e7",
                            "volume_tags.%": "0",
                            "vpc_security_group_ids.#": "1",
                            "vpc_security_group_ids.723240542": "sg-0912c471"
                        },
                        "meta": {
                            "e2bfb730-ecaa-11e6-8f88-34363bc7c4c0": {
                                "create": 600000000000,
                                "delete": 1200000000000,
                                "update": 600000000000
                            },
                            "schema_version": "1"
                        },
                        "tainted": false
                    },
                    "deposed": [],
                    "provider": "provider.aws"
                },
                "aws_instance.web2": {
                    "type": "aws_instance",
                    "depends_on": [
                        "aws_network_interface.web2-int"
                    ],
                    "primary": {
                        "id": "i-0454f72af460697e1",
                        "attributes": {
                            "ami": "ami-8fcc75ec",
                            "associate_public_ip_address": "false",
                            "availability_zone": "ap-southeast-1b",
                            "credit_specification.#": "1",
                            "credit_specification.0.cpu_credits": "standard",
                            "disable_api_termination": "false",
                            "ebs_block_device.#": "0",
                            "ebs_optimized": "false",
                            "ephemeral_block_device.#": "0",
                            "get_password_data": "false",
                            "iam_instance_profile": "",
                            "id": "i-0454f72af460697e1",
                            "instance_initiated_shutdown_behavior": "stop",
                            "instance_state": "running",
                            "instance_type": "m1.small",
                            "ipv6_addresses.#": "0",
                            "key_name": "tom-singapore",
                            "monitoring": "false",
                            "network_interface.#": "1",
                            "network_interface.557109903.delete_on_termination": "false",
                            "network_interface.557109903.device_index": "0",
                            "network_interface.557109903.network_interface_id": "eni-3216f81f",
                            "network_interface_id": "eni-3216f81f",
                            "password_data": "",
                            "placement_group": "",
                            "primary_network_interface_id": "eni-3216f81f",
                            "private_dns": "ip-10-0-12-50.ap-southeast-1.compute.internal",
                            "private_ip": "10.0.12.50",
                            "public_dns": "",
                            "public_ip": "",
                            "root_block_device.#": "1",
                            "root_block_device.0.delete_on_termination": "true",
                            "root_block_device.0.iops": "100",
                            "root_block_device.0.volume_id": "vol-06c2e6d59fad24bb3",
                            "root_block_device.0.volume_size": "8",
                            "root_block_device.0.volume_type": "gp2",
                            "security_groups.#": "0",
                            "source_dest_check": "false",
                            "subnet_id": "subnet-24cbfd6d",
                            "tags.%": "1",
                            "tags.Name": "WEB-AZ2",
                            "tenancy": "dedicated",
                            "user_data": "441a99222383c798df34cb18cc1a1b4609f54f59",
                            "volume_tags.%": "0",
                            "vpc_security_group_ids.#": "1",
                            "vpc_security_group_ids.723240542": "sg-0912c471"
                        },
                        "meta": {
                            "e2bfb730-ecaa-11e6-8f88-34363bc7c4c0": {
                                "create": 600000000000,
                                "delete": 1200000000000,
                                "update": 600000000000
                            },
                            "schema_version": "1"
                        },
                        "tainted": false
                    },
                    "deposed": [],
                    "provider": "provider.aws"
                },
                "aws_internet_gateway.gw": {
                    "type": "aws_internet_gateway",
                    "depends_on": [
                        "aws_vpc.main"
                    ],
                    "primary": {
                        "id": "igw-0a3f466e",
                        "attributes": {
                            "id": "igw-0a3f466e",
                            "tags.%": "1",
                            "tags.Name": "internet gw terraform generated",
                            "vpc_id": "vpc-11560676"
                        },
                        "meta": {},
                        "tainted": false
                    },
                    "deposed": [],
                    "provider": "provider.aws"
                },
                "aws_lb.ext-alb": {
                    "type": "aws_lb",
                    "depends_on": [
                        "aws_security_group.sgWideOpen",
                        "aws_subnet.AZ1-UNTRUST",
                        "aws_subnet.AZ2-UNTRUST"
                    ],
                    "primary": {
                        "id": "arn:aws:elasticloadbalancing:ap-southeast-1:133425860561:loadbalancer/app/EXT-ALB/3536d6abcc9b516f",
                        "attributes": {
                            "access_logs.#": "0",
                            "arn": "arn:aws:elasticloadbalancing:ap-southeast-1:133425860561:loadbalancer/app/EXT-ALB/3536d6abcc9b516f",
                            "arn_suffix": "app/EXT-ALB/3536d6abcc9b516f",
                            "dns_name": "EXT-ALB-2127198102.ap-southeast-1.elb.amazonaws.com",
                            "enable_deletion_protection": "false",
                            "enable_http2": "true",
                            "id": "arn:aws:elasticloadbalancing:ap-southeast-1:133425860561:loadbalancer/app/EXT-ALB/3536d6abcc9b516f",
                            "idle_timeout": "60",
                            "internal": "false",
                            "ip_address_type": "ipv4",
                            "load_balancer_type": "application",
                            "name": "EXT-ALB",
                            "security_groups.#": "1",
                            "security_groups.723240542": "sg-0912c471",
                            "subnet_mapping.#": "0",
                            "subnets.#": "2",
                            "subnets.3238080101": "subnet-980607ff",
                            "subnets.3461656582": "subnet-0bb28442",
                            "tags.%": "0",
                            "vpc_id": "vpc-11560676",
                            "zone_id": "Z1LMS91P8CMLE5"
                        },
                        "meta": {
                            "e2bfb730-ecaa-11e6-8f88-34363bc7c4c0": {
                                "create": 600000000000,
                                "delete": 600000000000,
                                "update": 600000000000
                            }
                        },
                        "tainted": false
                    },
                    "deposed": [],
                    "provider": "provider.aws"
                },
                "aws_lb.int-nlb": {
                    "type": "aws_lb",
                    "depends_on": [
                        "aws_subnet.AZ1-TRUST",
                        "aws_subnet.AZ2-TRUST"
                    ],
                    "primary": {
                        "id": "arn:aws:elasticloadbalancing:ap-southeast-1:133425860561:loadbalancer/net/INT-NLB/e61475750253140d",
                        "attributes": {
                            "access_logs.#": "1",
                            "arn": "arn:aws:elasticloadbalancing:ap-southeast-1:133425860561:loadbalancer/net/INT-NLB/e61475750253140d",
                            "arn_suffix": "net/INT-NLB/e61475750253140d",
                            "dns_name": "INT-NLB-e61475750253140d.elb.ap-southeast-1.amazonaws.com",
                            "enable_cross_zone_load_balancing": "false",
                            "enable_deletion_protection": "false",
                            "id": "arn:aws:elasticloadbalancing:ap-southeast-1:133425860561:loadbalancer/net/INT-NLB/e61475750253140d",
                            "internal": "true",
                            "ip_address_type": "ipv4",
                            "load_balancer_type": "network",
                            "name": "INT-NLB",
                            "security_groups.#": "0",
                            "subnet_mapping.#": "2",
                            "subnet_mapping.2952909474.allocation_id": "",
                            "subnet_mapping.2952909474.subnet_id": "subnet-f30d0c94",
                            "subnet_mapping.3397239629.allocation_id": "",
                            "subnet_mapping.3397239629.subnet_id": "subnet-24cbfd6d",
                            "subnets.#": "2",
                            "subnets.3362502650": "subnet-24cbfd6d",
                            "subnets.3726700657": "subnet-f30d0c94",
                            "tags.%": "0",
                            "vpc_id": "vpc-11560676",
                            "zone_id": "ZKVM4W9LS7TM"
                        },
                        "meta": {
                            "e2bfb730-ecaa-11e6-8f88-34363bc7c4c0": {
                                "create": 600000000000,
                                "delete": 600000000000,
                                "update": 600000000000
                            }
                        },
                        "tainted": false
                    },
                    "deposed": [],
                    "provider": "provider.aws"
                },
                "aws_lb_listener.ext-alb": {
                    "type": "aws_lb_listener",
                    "depends_on": [
                        "aws_lb.ext-alb",
                        "aws_lb_target_group.fw-tg"
                    ],
                    "primary": {
                        "id": "arn:aws:elasticloadbalancing:ap-southeast-1:133425860561:listener/app/EXT-ALB/3536d6abcc9b516f/38d19429c879441f",
                        "attributes": {
                            "arn": "arn:aws:elasticloadbalancing:ap-southeast-1:133425860561:listener/app/EXT-ALB/3536d6abcc9b516f/38d19429c879441f",
                            "default_action.#": "1",
                            "default_action.0.target_group_arn": "arn:aws:elasticloadbalancing:ap-southeast-1:133425860561:targetgroup/fw-tg/7a4e8fe4f40a04e6",
                            "default_action.0.type": "forward",
                            "id": "arn:aws:elasticloadbalancing:ap-southeast-1:133425860561:listener/app/EXT-ALB/3536d6abcc9b516f/38d19429c879441f",
                            "load_balancer_arn": "arn:aws:elasticloadbalancing:ap-southeast-1:133425860561:loadbalancer/app/EXT-ALB/3536d6abcc9b516f",
                            "port": "80",
                            "protocol": "HTTP",
                            "ssl_policy": ""
                        },
                        "meta": {},
                        "tainted": false
                    },
                    "deposed": [],
                    "provider": "provider.aws"
                },
                "aws_lb_listener.int-nlb": {
                    "type": "aws_lb_listener",
                    "depends_on": [
                        "aws_lb.int-nlb",
                        "aws_lb_target_group.web-tg"
                    ],
                    "primary": {
                        "id": "arn:aws:elasticloadbalancing:ap-southeast-1:133425860561:listener/net/INT-NLB/e61475750253140d/3fb7b8bfbf083ef4",
                        "attributes": {
                            "arn": "arn:aws:elasticloadbalancing:ap-southeast-1:133425860561:listener/net/INT-NLB/e61475750253140d/3fb7b8bfbf083ef4",
                            "default_action.#": "1",
                            "default_action.0.target_group_arn": "arn:aws:elasticloadbalancing:ap-southeast-1:133425860561:targetgroup/web-tg/bffef75d0f9943ce",
                            "default_action.0.type": "forward",
                            "id": "arn:aws:elasticloadbalancing:ap-southeast-1:133425860561:listener/net/INT-NLB/e61475750253140d/3fb7b8bfbf083ef4",
                            "load_balancer_arn": "arn:aws:elasticloadbalancing:ap-southeast-1:133425860561:loadbalancer/net/INT-NLB/e61475750253140d",
                            "port": "80",
                            "protocol": "TCP",
                            "ssl_policy": ""
                        },
                        "meta": {},
                        "tainted": false
                    },
                    "deposed": [],
                    "provider": "provider.aws"
                },
                "aws_lb_listener_rule.static": {
                    "type": "aws_lb_listener_rule",
                    "depends_on": [
                        "aws_lb_listener.ext-alb",
                        "aws_lb_target_group.fw-tg"
                    ],
                    "primary": {
                        "id": "arn:aws:elasticloadbalancing:ap-southeast-1:133425860561:listener-rule/app/EXT-ALB/3536d6abcc9b516f/38d19429c879441f/96bf9953c532c5b1",
                        "attributes": {
                            "action.#": "1",
                            "action.0.target_group_arn": "arn:aws:elasticloadbalancing:ap-southeast-1:133425860561:targetgroup/fw-tg/7a4e8fe4f40a04e6",
                            "action.0.type": "forward",
                            "arn": "arn:aws:elasticloadbalancing:ap-southeast-1:133425860561:listener-rule/app/EXT-ALB/3536d6abcc9b516f/38d19429c879441f/96bf9953c532c5b1",
                            "condition.#": "1",
                            "condition.2611135190.field": "path-pattern",
                            "condition.2611135190.values.#": "1",
                            "condition.2611135190.values.0": "/*",
                            "id": "arn:aws:elasticloadbalancing:ap-southeast-1:133425860561:listener-rule/app/EXT-ALB/3536d6abcc9b516f/38d19429c879441f/96bf9953c532c5b1",
                            "listener_arn": "arn:aws:elasticloadbalancing:ap-southeast-1:133425860561:listener/app/EXT-ALB/3536d6abcc9b516f/38d19429c879441f",
                            "priority": "100"
                        },
                        "meta": {},
                        "tainted": false
                    },
                    "deposed": [],
                    "provider": "provider.aws"
                },
                "aws_lb_target_group.fw-tg": {
                    "type": "aws_lb_target_group",
                    "depends_on": [
                        "aws_vpc.main"
                    ],
                    "primary": {
                        "id": "arn:aws:elasticloadbalancing:ap-southeast-1:133425860561:targetgroup/fw-tg/7a4e8fe4f40a04e6",
                        "attributes": {
                            "arn": "arn:aws:elasticloadbalancing:ap-southeast-1:133425860561:targetgroup/fw-tg/7a4e8fe4f40a04e6",
                            "arn_suffix": "targetgroup/fw-tg/7a4e8fe4f40a04e6",
                            "deregistration_delay": "300",
                            "health_check.#": "1",
                            "health_check.0.healthy_threshold": "3",
                            "health_check.0.interval": "30",
                            "health_check.0.matcher": "200",
                            "health_check.0.path": "/",
                            "health_check.0.port": "traffic-port",
                            "health_check.0.protocol": "HTTP",
                            "health_check.0.timeout": "5",
                            "health_check.0.unhealthy_threshold": "3",
                            "id": "arn:aws:elasticloadbalancing:ap-southeast-1:133425860561:targetgroup/fw-tg/7a4e8fe4f40a04e6",
                            "name": "fw-tg",
                            "port": "80",
                            "protocol": "HTTP",
                            "proxy_protocol_v2": "false",
                            "slow_start": "0",
                            "stickiness.#": "1",
                            "stickiness.0.cookie_duration": "86400",
                            "stickiness.0.enabled": "false",
                            "stickiness.0.type": "lb_cookie",
                            "tags.%": "0",
                            "target_type": "ip",
                            "vpc_id": "vpc-11560676"
                        },
                        "meta": {},
                        "tainted": false
                    },
                    "deposed": [],
                    "provider": "provider.aws"
                },
                "aws_lb_target_group.web-tg": {
                    "type": "aws_lb_target_group",
                    "depends_on": [
                        "aws_vpc.main"
                    ],
                    "primary": {
                        "id": "arn:aws:elasticloadbalancing:ap-southeast-1:133425860561:targetgroup/web-tg/bffef75d0f9943ce",
                        "attributes": {
                            "arn": "arn:aws:elasticloadbalancing:ap-southeast-1:133425860561:targetgroup/web-tg/bffef75d0f9943ce",
                            "arn_suffix": "targetgroup/web-tg/bffef75d0f9943ce",
                            "deregistration_delay": "300",
                            "health_check.#": "1",
                            "health_check.0.healthy_threshold": "3",
                            "health_check.0.interval": "30",
                            "health_check.0.matcher": "",
                            "health_check.0.path": "",
                            "health_check.0.port": "traffic-port",
                            "health_check.0.protocol": "TCP",
                            "health_check.0.timeout": "10",
                            "health_check.0.unhealthy_threshold": "3",
                            "id": "arn:aws:elasticloadbalancing:ap-southeast-1:133425860561:targetgroup/web-tg/bffef75d0f9943ce",
                            "name": "web-tg",
                            "port": "80",
                            "protocol": "TCP",
                            "proxy_protocol_v2": "false",
                            "slow_start": "0",
                            "stickiness.#": "0",
                            "tags.%": "0",
                            "target_type": "ip",
                            "vpc_id": "vpc-11560676"
                        },
                        "meta": {},
                        "tainted": false
                    },
                    "deposed": [],
                    "provider": "provider.aws"
                },
                "aws_lb_target_group_attachment.fw1": {
                    "type": "aws_lb_target_group_attachment",
                    "depends_on": [
                        "aws_lb_target_group.fw-tg",
                        "aws_network_interface.FW1-UNTRUST"
                    ],
                    "primary": {
                        "id": "arn:aws:elasticloadbalancing:ap-southeast-1:133425860561:targetgroup/fw-tg/7a4e8fe4f40a04e6-20180715002626126700000001",
                        "attributes": {
                            "id": "arn:aws:elasticloadbalancing:ap-southeast-1:133425860561:targetgroup/fw-tg/7a4e8fe4f40a04e6-20180715002626126700000001",
                            "port": "80",
                            "target_group_arn": "arn:aws:elasticloadbalancing:ap-southeast-1:133425860561:targetgroup/fw-tg/7a4e8fe4f40a04e6",
                            "target_id": "10.0.1.10"
                        },
                        "meta": {},
                        "tainted": false
                    },
                    "deposed": [],
                    "provider": "provider.aws"
                },
                "aws_lb_target_group_attachment.fw2": {
                    "type": "aws_lb_target_group_attachment",
                    "depends_on": [
                        "aws_lb_target_group.fw-tg",
                        "aws_network_interface.FW2-UNTRUST"
                    ],
                    "primary": {
                        "id": "arn:aws:elasticloadbalancing:ap-southeast-1:133425860561:targetgroup/fw-tg/7a4e8fe4f40a04e6-20180715002628488100000004",
                        "attributes": {
                            "id": "arn:aws:elasticloadbalancing:ap-southeast-1:133425860561:targetgroup/fw-tg/7a4e8fe4f40a04e6-20180715002628488100000004",
                            "port": "80",
                            "target_group_arn": "arn:aws:elasticloadbalancing:ap-southeast-1:133425860561:targetgroup/fw-tg/7a4e8fe4f40a04e6",
                            "target_id": "10.0.11.10"
                        },
                        "meta": {},
                        "tainted": false
                    },
                    "deposed": [],
                    "provider": "provider.aws"
                },
                "aws_lb_target_group_attachment.web1": {
                    "type": "aws_lb_target_group_attachment",
                    "depends_on": [
                        "aws_lb_target_group.web-tg",
                        "aws_network_interface.web1-int"
                    ],
                    "primary": {
                        "id": "arn:aws:elasticloadbalancing:ap-southeast-1:133425860561:targetgroup/web-tg/bffef75d0f9943ce-20180715002627034300000002",
                        "attributes": {
                            "id": "arn:aws:elasticloadbalancing:ap-southeast-1:133425860561:targetgroup/web-tg/bffef75d0f9943ce-20180715002627034300000002",
                            "port": "80",
                            "target_group_arn": "arn:aws:elasticloadbalancing:ap-southeast-1:133425860561:targetgroup/web-tg/bffef75d0f9943ce",
                            "target_id": "10.0.2.50"
                        },
                        "meta": {},
                        "tainted": false
                    },
                    "deposed": [],
                    "provider": "provider.aws"
                },
                "aws_lb_target_group_attachment.web2": {
                    "type": "aws_lb_target_group_attachment",
                    "depends_on": [
                        "aws_lb_target_group.web-tg",
                        "aws_network_interface.web2-int"
                    ],
                    "primary": {
                        "id": "arn:aws:elasticloadbalancing:ap-southeast-1:133425860561:targetgroup/web-tg/bffef75d0f9943ce-20180715002627483400000003",
                        "attributes": {
                            "id": "arn:aws:elasticloadbalancing:ap-southeast-1:133425860561:targetgroup/web-tg/bffef75d0f9943ce-20180715002627483400000003",
                            "port": "80",
                            "target_group_arn": "arn:aws:elasticloadbalancing:ap-southeast-1:133425860561:targetgroup/web-tg/bffef75d0f9943ce",
                            "target_id": "10.0.12.50"
                        },
                        "meta": {},
                        "tainted": false
                    },
                    "deposed": [],
                    "provider": "provider.aws"
                },
                "aws_network_acl.all": {
                    "type": "aws_network_acl",
                    "depends_on": [
                        "aws_vpc.main"
                    ],
                    "primary": {
                        "id": "acl-2cb04a4a",
                        "attributes": {
                            "egress.#": "1",
                            "egress.2943206146.action": "allow",
                            "egress.2943206146.cidr_block": "0.0.0.0/0",
                            "egress.2943206146.from_port": "0",
                            "egress.2943206146.icmp_code": "0",
                            "egress.2943206146.icmp_type": "0",
                            "egress.2943206146.ipv6_cidr_block": "",
                            "egress.2943206146.protocol": "-1",
                            "egress.2943206146.rule_no": "2",
                            "egress.2943206146.to_port": "0",
                            "id": "acl-2cb04a4a",
                            "ingress.#": "1",
                            "ingress.1564094202.action": "allow",
                            "ingress.1564094202.cidr_block": "0.0.0.0/0",
                            "ingress.1564094202.from_port": "0",
                            "ingress.1564094202.icmp_code": "0",
                            "ingress.1564094202.icmp_type": "0",
                            "ingress.1564094202.ipv6_cidr_block": "",
                            "ingress.1564094202.protocol": "-1",
                            "ingress.1564094202.rule_no": "1",
                            "ingress.1564094202.to_port": "0",
                            "subnet_ids.#": "0",
                            "tags.%": "1",
                            "tags.Name": "open acl",
                            "vpc_id": "vpc-11560676"
                        },
                        "meta": {},
                        "tainted": false
                    },
                    "deposed": [],
                    "provider": "provider.aws"
                },
                "aws_network_interface.FW1-MGT": {
                    "type": "aws_network_interface",
                    "depends_on": [
                        "aws_security_group.sgWideOpen",
                        "aws_subnet.AZ1-MGT"
                    ],
                    "primary": {
                        "id": "eni-18ca7c43",
                        "attributes": {
                            "attachment.#": "0",
                            "description": "",
                            "id": "eni-18ca7c43",
                            "private_dns_name": "",
                            "private_ip": "10.0.0.10",
                            "private_ips.#": "1",
                            "private_ips.2650530590": "10.0.0.10",
                            "security_groups.#": "1",
                            "security_groups.723240542": "sg-0912c471",
                            "source_dest_check": "false",
                            "subnet_id": "subnet-a40908c3",
                            "tags.%": "0"
                        },
                        "meta": {},
                        "tainted": false
                    },
                    "deposed": [],
                    "provider": "provider.aws"
                },
                "aws_network_interface.FW1-TRUST": {
                    "type": "aws_network_interface",
                    "depends_on": [
                        "aws_security_group.sgWideOpen",
                        "aws_subnet.AZ1-TRUST"
                    ],
                    "primary": {
                        "id": "eni-efcb7db4",
                        "attributes": {
                            "attachment.#": "0",
                            "description": "",
                            "id": "eni-efcb7db4",
                            "private_dns_name": "",
                            "private_ip": "10.0.2.10",
                            "private_ips.#": "1",
                            "private_ips.938617749": "10.0.2.10",
                            "security_groups.#": "1",
                            "security_groups.723240542": "sg-0912c471",
                            "source_dest_check": "false",
                            "subnet_id": "subnet-f30d0c94",
                            "tags.%": "0"
                        },
                        "meta": {},
                        "tainted": false
                    },
                    "deposed": [],
                    "provider": "provider.aws"
                },
                "aws_network_interface.FW1-UNTRUST": {
                    "type": "aws_network_interface",
                    "depends_on": [
                        "aws_security_group.sgWideOpen",
                        "aws_subnet.AZ1-UNTRUST"
                    ],
                    "primary": {
                        "id": "eni-8fcd7bd4",
                        "attributes": {
                            "attachment.#": "0",
                            "description": "",
                            "id": "eni-8fcd7bd4",
                            "private_dns_name": "",
                            "private_ip": "10.0.1.10",
                            "private_ips.#": "1",
                            "private_ips.625443963": "10.0.1.10",
                            "security_groups.#": "1",
                            "security_groups.723240542": "sg-0912c471",
                            "source_dest_check": "false",
                            "subnet_id": "subnet-980607ff",
                            "tags.%": "0"
                        },
                        "meta": {},
                        "tainted": false
                    },
                    "deposed": [],
                    "provider": "provider.aws"
                },
                "aws_network_interface.FW2-MGT": {
                    "type": "aws_network_interface",
                    "depends_on": [
                        "aws_security_group.sgWideOpen",
                        "aws_subnet.AZ2-MGT"
                    ],
                    "primary": {
                        "id": "eni-f819f7d5",
                        "attributes": {
                            "attachment.#": "0",
                            "description": "",
                            "id": "eni-f819f7d5",
                            "private_dns_name": "",
                            "private_ip": "10.0.10.10",
                            "private_ips.#": "1",
                            "private_ips.2374944177": "10.0.10.10",
                            "security_groups.#": "1",
                            "security_groups.723240542": "sg-0912c471",
                            "source_dest_check": "false",
                            "subnet_id": "subnet-19c9ff50",
                            "tags.%": "0"
                        },
                        "meta": {},
                        "tainted": false
                    },
                    "deposed": [],
                    "provider": "provider.aws"
                },
                "aws_network_interface.FW2-TRUST": {
                    "type": "aws_network_interface",
                    "depends_on": [
                        "aws_security_group.sgWideOpen",
                        "aws_subnet.AZ2-TRUST"
                    ],
                    "primary": {
                        "id": "eni-8b1bf5a6",
                        "attributes": {
                            "attachment.#": "0",
                            "description": "",
                            "id": "eni-8b1bf5a6",
                            "private_dns_name": "",
                            "private_ip": "10.0.12.10",
                            "private_ips.#": "1",
                            "private_ips.663162170": "10.0.12.10",
                            "security_groups.#": "1",
                            "security_groups.723240542": "sg-0912c471",
                            "source_dest_check": "false",
                            "subnet_id": "subnet-24cbfd6d",
                            "tags.%": "0"
                        },
                        "meta": {},
                        "tainted": false
                    },
                    "deposed": [],
                    "provider": "provider.aws"
                },
                "aws_network_interface.FW2-UNTRUST": {
                    "type": "aws_network_interface",
                    "depends_on": [
                        "aws_security_group.sgWideOpen",
                        "aws_subnet.AZ2-UNTRUST"
                    ],
                    "primary": {
                        "id": "eni-d21bf5ff",
                        "attributes": {
                            "attachment.#": "0",
                            "description": "",
                            "id": "eni-d21bf5ff",
                            "private_dns_name": "",
                            "private_ip": "10.0.11.10",
                            "private_ips.#": "1",
                            "private_ips.892510932": "10.0.11.10",
                            "security_groups.#": "1",
                            "security_groups.723240542": "sg-0912c471",
                            "source_dest_check": "false",
                            "subnet_id": "subnet-0bb28442",
                            "tags.%": "0"
                        },
                        "meta": {},
                        "tainted": false
                    },
                    "deposed": [],
                    "provider": "provider.aws"
                },
                "aws_network_interface.web1-int": {
                    "type": "aws_network_interface",
                    "depends_on": [
                        "aws_security_group.sgWideOpen",
                        "aws_subnet.AZ1-TRUST"
                    ],
                    "primary": {
                        "id": "eni-0bcb7d50",
                        "attributes": {
                            "attachment.#": "0",
                            "description": "",
                            "id": "eni-0bcb7d50",
                            "private_dns_name": "",
                            "private_ip": "10.0.2.50",
                            "private_ips.#": "1",
                            "private_ips.1402924689": "10.0.2.50",
                            "security_groups.#": "1",
                            "security_groups.723240542": "sg-0912c471",
                            "source_dest_check": "false",
                            "subnet_id": "subnet-f30d0c94",
                            "tags.%": "0"
                        },
                        "meta": {},
                        "tainted": false
                    },
                    "deposed": [],
                    "provider": "provider.aws"
                },
                "aws_network_interface.web2-int": {
                    "type": "aws_network_interface",
                    "depends_on": [
                        "aws_security_group.sgWideOpen",
                        "aws_subnet.AZ2-TRUST"
                    ],
                    "primary": {
                        "id": "eni-3216f81f",
                        "attributes": {
                            "attachment.#": "0",
                            "description": "",
                            "id": "eni-3216f81f",
                            "private_dns_name": "",
                            "private_ip": "10.0.12.50",
                            "private_ips.#": "1",
                            "private_ips.1139525694": "10.0.12.50",
                            "security_groups.#": "1",
                            "security_groups.723240542": "sg-0912c471",
                            "source_dest_check": "false",
                            "subnet_id": "subnet-24cbfd6d",
                            "tags.%": "0"
                        },
                        "meta": {},
                        "tainted": false
                    },
                    "deposed": [],
                    "provider": "provider.aws"
                },
                "aws_route_table.private": {
                    "type": "aws_route_table",
                    "depends_on": [
                        "aws_vpc.main"
                    ],
                    "primary": {
                        "id": "rtb-bd43e6db",
                        "attributes": {
                            "id": "rtb-bd43e6db",
                            "propagating_vgws.#": "0",
                            "route.#": "0",
                            "tags.%": "0",
                            "vpc_id": "vpc-11560676"
                        },
                        "meta": {},
                        "tainted": false
                    },
                    "deposed": [],
                    "provider": "provider.aws"
                },
                "aws_route_table.public": {
                    "type": "aws_route_table",
                    "depends_on": [
                        "aws_internet_gateway.gw",
                        "aws_vpc.main"
                    ],
                    "primary": {
                        "id": "rtb-5e40e538",
                        "attributes": {
                            "id": "rtb-5e40e538",
                            "propagating_vgws.#": "0",
                            "route.#": "1",
                            "route.2674620808.cidr_block": "0.0.0.0/0",
                            "route.2674620808.egress_only_gateway_id": "",
                            "route.2674620808.gateway_id": "igw-0a3f466e",
                            "route.2674620808.instance_id": "",
                            "route.2674620808.ipv6_cidr_block": "",
                            "route.2674620808.nat_gateway_id": "",
                            "route.2674620808.network_interface_id": "",
                            "route.2674620808.vpc_peering_connection_id": "",
                            "tags.%": "1",
                            "tags.Name": "Public",
                            "vpc_id": "vpc-11560676"
                        },
                        "meta": {},
                        "tainted": false
                    },
                    "deposed": [],
                    "provider": "provider.aws"
                },
                "aws_route_table_association.subnetroute1": {
                    "type": "aws_route_table_association",
                    "depends_on": [
                        "aws_route_table.public",
                        "aws_subnet.AZ1-UNTRUST"
                    ],
                    "primary": {
                        "id": "rtbassoc-0dfb3574",
                        "attributes": {
                            "id": "rtbassoc-0dfb3574",
                            "route_table_id": "rtb-5e40e538",
                            "subnet_id": "subnet-980607ff"
                        },
                        "meta": {},
                        "tainted": false
                    },
                    "deposed": [],
                    "provider": "provider.aws"
                },
                "aws_route_table_association.subnetroute2": {
                    "type": "aws_route_table_association",
                    "depends_on": [
                        "aws_route_table.public",
                        "aws_subnet.AZ1-MGT"
                    ],
                    "primary": {
                        "id": "rtbassoc-daff31a3",
                        "attributes": {
                            "id": "rtbassoc-daff31a3",
                            "route_table_id": "rtb-5e40e538",
                            "subnet_id": "subnet-a40908c3"
                        },
                        "meta": {},
                        "tainted": false
                    },
                    "deposed": [],
                    "provider": "provider.aws"
                },
                "aws_route_table_association.subnetroute3": {
                    "type": "aws_route_table_association",
                    "depends_on": [
                        "aws_route_table.public",
                        "aws_subnet.AZ2-UNTRUST"
                    ],
                    "primary": {
                        "id": "rtbassoc-90e52be9",
                        "attributes": {
                            "id": "rtbassoc-90e52be9",
                            "route_table_id": "rtb-5e40e538",
                            "subnet_id": "subnet-0bb28442"
                        },
                        "meta": {},
                        "tainted": false
                    },
                    "deposed": [],
                    "provider": "provider.aws"
                },
                "aws_route_table_association.subnetroute4": {
                    "type": "aws_route_table_association",
                    "depends_on": [
                        "aws_route_table.public",
                        "aws_subnet.AZ2-MGT"
                    ],
                    "primary": {
                        "id": "rtbassoc-1afc3263",
                        "attributes": {
                            "id": "rtbassoc-1afc3263",
                            "route_table_id": "rtb-5e40e538",
                            "subnet_id": "subnet-19c9ff50"
                        },
                        "meta": {},
                        "tainted": false
                    },
                    "deposed": [],
                    "provider": "provider.aws"
                },
                "aws_security_group.sgWideOpen": {
                    "type": "aws_security_group",
                    "depends_on": [
                        "aws_vpc.main"
                    ],
                    "primary": {
                        "id": "sg-0912c471",
                        "attributes": {
                            "arn": "arn:aws:ec2:ap-southeast-1:133425860561:security-group/sg-0912c471",
                            "description": "Wide open security group",
                            "egress.#": "1",
                            "egress.482069346.cidr_blocks.#": "1",
                            "egress.482069346.cidr_blocks.0": "0.0.0.0/0",
                            "egress.482069346.description": "",
                            "egress.482069346.from_port": "0",
                            "egress.482069346.ipv6_cidr_blocks.#": "0",
                            "egress.482069346.prefix_list_ids.#": "0",
                            "egress.482069346.protocol": "-1",
                            "egress.482069346.security_groups.#": "0",
                            "egress.482069346.self": "false",
                            "egress.482069346.to_port": "0",
                            "id": "sg-0912c471",
                            "ingress.#": "1",
                            "ingress.482069346.cidr_blocks.#": "1",
                            "ingress.482069346.cidr_blocks.0": "0.0.0.0/0",
                            "ingress.482069346.description": "",
                            "ingress.482069346.from_port": "0",
                            "ingress.482069346.ipv6_cidr_blocks.#": "0",
                            "ingress.482069346.protocol": "-1",
                            "ingress.482069346.security_groups.#": "0",
                            "ingress.482069346.self": "false",
                            "ingress.482069346.to_port": "0",
                            "name": "sgWideOpen",
                            "owner_id": "133425860561",
                            "revoke_rules_on_delete": "false",
                            "tags.%": "0",
                            "vpc_id": "vpc-11560676"
                        },
                        "meta": {
                            "e2bfb730-ecaa-11e6-8f88-34363bc7c4c0": {
                                "create": 600000000000,
                                "delete": 600000000000
                            },
                            "schema_version": "1"
                        },
                        "tainted": false
                    },
                    "deposed": [],
                    "provider": "provider.aws"
                },
                "aws_subnet.AZ1-MGT": {
                    "type": "aws_subnet",
                    "depends_on": [
                        "aws_vpc.main",
                        "data.aws_availability_zones.available"
                    ],
                    "primary": {
                        "id": "subnet-a40908c3",
                        "attributes": {
                            "assign_ipv6_address_on_creation": "false",
                            "availability_zone": "ap-southeast-1a",
                            "cidr_block": "10.0.0.0/24",
                            "id": "subnet-a40908c3",
                            "map_public_ip_on_launch": "false",
                            "tags.%": "1",
                            "tags.Name": "AZ1-MGT",
                            "vpc_id": "vpc-11560676"
                        },
                        "meta": {
                            "schema_version": "1"
                        },
                        "tainted": false
                    },
                    "deposed": [],
                    "provider": "provider.aws"
                },
                "aws_subnet.AZ1-TRUST": {
                    "type": "aws_subnet",
                    "depends_on": [
                        "aws_vpc.main",
                        "data.aws_availability_zones.available"
                    ],
                    "primary": {
                        "id": "subnet-f30d0c94",
                        "attributes": {
                            "assign_ipv6_address_on_creation": "false",
                            "availability_zone": "ap-southeast-1a",
                            "cidr_block": "10.0.2.0/24",
                            "id": "subnet-f30d0c94",
                            "map_public_ip_on_launch": "false",
                            "tags.%": "1",
                            "tags.Name": "AZ1-TRUST",
                            "vpc_id": "vpc-11560676"
                        },
                        "meta": {
                            "schema_version": "1"
                        },
                        "tainted": false
                    },
                    "deposed": [],
                    "provider": "provider.aws"
                },
                "aws_subnet.AZ1-UNTRUST": {
                    "type": "aws_subnet",
                    "depends_on": [
                        "aws_vpc.main",
                        "data.aws_availability_zones.available"
                    ],
                    "primary": {
                        "id": "subnet-980607ff",
                        "attributes": {
                            "assign_ipv6_address_on_creation": "false",
                            "availability_zone": "ap-southeast-1a",
                            "cidr_block": "10.0.1.0/24",
                            "id": "subnet-980607ff",
                            "map_public_ip_on_launch": "false",
                            "tags.%": "1",
                            "tags.Name": "AZ1-UNTRUST",
                            "vpc_id": "vpc-11560676"
                        },
                        "meta": {
                            "schema_version": "1"
                        },
                        "tainted": false
                    },
                    "deposed": [],
                    "provider": "provider.aws"
                },
                "aws_subnet.AZ2-MGT": {
                    "type": "aws_subnet",
                    "depends_on": [
                        "aws_vpc.main",
                        "data.aws_availability_zones.available"
                    ],
                    "primary": {
                        "id": "subnet-19c9ff50",
                        "attributes": {
                            "assign_ipv6_address_on_creation": "false",
                            "availability_zone": "ap-southeast-1b",
                            "cidr_block": "10.0.10.0/24",
                            "id": "subnet-19c9ff50",
                            "map_public_ip_on_launch": "false",
                            "tags.%": "1",
                            "tags.Name": "AZ2-MGT",
                            "vpc_id": "vpc-11560676"
                        },
                        "meta": {
                            "schema_version": "1"
                        },
                        "tainted": false
                    },
                    "deposed": [],
                    "provider": "provider.aws"
                },
                "aws_subnet.AZ2-TRUST": {
                    "type": "aws_subnet",
                    "depends_on": [
                        "aws_vpc.main",
                        "data.aws_availability_zones.available"
                    ],
                    "primary": {
                        "id": "subnet-24cbfd6d",
                        "attributes": {
                            "assign_ipv6_address_on_creation": "false",
                            "availability_zone": "ap-southeast-1b",
                            "cidr_block": "10.0.12.0/24",
                            "id": "subnet-24cbfd6d",
                            "map_public_ip_on_launch": "false",
                            "tags.%": "1",
                            "tags.Name": "AZ2-TRUST",
                            "vpc_id": "vpc-11560676"
                        },
                        "meta": {
                            "schema_version": "1"
                        },
                        "tainted": false
                    },
                    "deposed": [],
                    "provider": "provider.aws"
                },
                "aws_subnet.AZ2-UNTRUST": {
                    "type": "aws_subnet",
                    "depends_on": [
                        "aws_vpc.main",
                        "data.aws_availability_zones.available"
                    ],
                    "primary": {
                        "id": "subnet-0bb28442",
                        "attributes": {
                            "assign_ipv6_address_on_creation": "false",
                            "availability_zone": "ap-southeast-1b",
                            "cidr_block": "10.0.11.0/24",
                            "id": "subnet-0bb28442",
                            "map_public_ip_on_launch": "false",
                            "tags.%": "1",
                            "tags.Name": "AZ2-UNTRUST",
                            "vpc_id": "vpc-11560676"
                        },
                        "meta": {
                            "schema_version": "1"
                        },
                        "tainted": false
                    },
                    "deposed": [],
                    "provider": "provider.aws"
                },
                "aws_vpc.main": {
                    "type": "aws_vpc",
                    "depends_on": [],
                    "primary": {
                        "id": "vpc-11560676",
                        "attributes": {
                            "assign_generated_ipv6_cidr_block": "false",
                            "cidr_block": "10.0.0.0/16",
                            "default_network_acl_id": "acl-78b3491e",
                            "default_route_table_id": "rtb-aa44e1cc",
                            "default_security_group_id": "sg-441cca3c",
                            "dhcp_options_id": "dopt-75eec111",
                            "enable_classiclink": "false",
                            "enable_classiclink_dns_support": "false",
                            "enable_dns_hostnames": "false",
                            "enable_dns_support": "true",
                            "id": "vpc-11560676",
                            "instance_tenancy": "dedicated",
                            "main_route_table_id": "rtb-aa44e1cc",
                            "tags.%": "1",
                            "tags.Name": "main"
                        },
                        "meta": {
                            "schema_version": "1"
                        },
                        "tainted": false
                    },
                    "deposed": [],
                    "provider": "provider.aws"
                },
                "data.aws_availability_zones.available": {
                    "type": "aws_availability_zones",
                    "depends_on": [],
                    "primary": {
                        "id": "2018-07-15 00:25:44.5656019 +0000 UTC",
                        "attributes": {
                            "id": "2018-07-15 00:25:44.5656019 +0000 UTC",
                            "names.#": "3",
                            "names.0": "ap-southeast-1a",
                            "names.1": "ap-southeast-1b",
                            "names.2": "ap-southeast-1c"
                        },
                        "meta": {},
                        "tainted": false
                    },
                    "deposed": [],
                    "provider": "provider.aws"
                }
            },
            "depends_on": []
        }
    ]
}
